// !$*UTF8*$!
{
	archiveVersion = 1;
	classes = {
	};
	objectVersion = 56;
	objects = {

/* Begin PBXBuildFile section */
		A1234567890123456789001 /* YouTubeSubtitleLearnerApp.swift in Sources */ = {isa = PBXBuildFile; fileRef = A1234567890123456789002 /* YouTubeSubtitleLearnerApp.swift */; };
		A1234567890123456789003 /* ContentView.swift in Sources */ = {isa = PBXBuildFile; fileRef = A1234567890123456789004 /* ContentView.swift */; };
		A1234567890123456789005 /* VideoPlayerView.swift in Sources */ = {isa = PBXBuildFile; fileRef = A1234567890123456789006 /* VideoPlayerView.swift */; };
		A1234567890123456789007 /* VideoPlayerViewModel.swift in Sources */ = {isa = PBXBuildFile; fileRef = A1234567890123456789008 /* VideoPlayerViewModel.swift */; };
		A1234567890123456789009 /* Subtitle.swift in Sources */ = {isa = PBXBuildFile; fileRef = A1234567890123456789010 /* Subtitle.swift */; };
		A1234567890123456789011 /* subtitles.json in Resources */ = {isa = PBXBuildFile; fileRef = A1234567890123456789012 /* subtitles.json */; };
		A1234567890123456789013 /* Assets.xcassets in Resources */ = {isa = PBXBuildFile; fileRef = A1234567890123456789014 /* Assets.xcassets */; };
		B000000000000000000001 /* ProjectsView.swift in Sources */ = {isa = PBXBuildFile; fileRef = B000000000000000000011 /* ProjectsView.swift */; };
		B000000000000000000002 /* WordToken.swift in Sources */ = {isa = PBXBuildFile; fileRef = B000000000000000000012 /* WordToken.swift */; };
		B000000000000000000003 /* AnalysisProject.swift in Sources */ = {isa = PBXBuildFile; fileRef = B000000000000000000013 /* AnalysisProject.swift */; };
		B000000000000000000004 /* LocalStore.swift in Sources */ = {isa = PBXBuildFile; fileRef = B000000000000000000014 /* LocalStore.swift */; };
		B000000000000000000005 /* SubtitlesParser.swift in Sources */ = {isa = PBXBuildFile; fileRef = B000000000000000000015 /* SubtitlesParser.swift */; };
		B000000000000000000006 /* VideoCache.swift in Sources */ = {isa = PBXBuildFile; fileRef = B000000000000000000016 /* VideoCache.swift */; };
		B000000000000000000007 /* MediaExtractor.swift in Sources */ = {isa = PBXBuildFile; fileRef = B000000000000000000017 /* MediaExtractor.swift */; };
		B000000000000000000008 /* TranscriptionService.swift in Sources */ = {isa = PBXBuildFile; fileRef = B000000000000000000018 /* TranscriptionService.swift */; };
		B000000000000000000009 /* ProjectStore.swift in Sources */ = {isa = PBXBuildFile; fileRef = B000000000000000000019 /* ProjectStore.swift */; };
		B00000000000000000000A /* AnalysisPipeline.swift in Sources */ = {isa = PBXBuildFile; fileRef = B00000000000000000001A /* AnalysisPipeline.swift */; };
		B00000000000000000000B /* FileUtil.swift in Sources */ = {isa = PBXBuildFile; fileRef = B00000000000000000001B /* FileUtil.swift */; };
		B00000000000000000000C /* URLMediaType.swift in Sources */ = {isa = PBXBuildFile; fileRef = B00000000000000000001C /* URLMediaType.swift */; };
		B00000000000000000000D /* WebCaptureView.swift in Sources */ = {isa = PBXBuildFile; fileRef = B00000000000000000001D /* WebCaptureView.swift */; };
		B00000000000000000000E /* AudioCaptureService.swift in Sources */ = {isa = PBXBuildFile; fileRef = B00000000000000000001E /* AudioCaptureService.swift */; };
		B00000000000000000000F /* WordEntry.swift in Sources */ = {isa = PBXBuildFile; fileRef = B00000000000000000001F /* WordEntry.swift */; };
		B000000000000000000010 /* WordbookStore.swift in Sources */ = {isa = PBXBuildFile; fileRef = B000000000000000000020 /* WordbookStore.swift */; };
		B000000000000000000011 /* WordbookView.swift in Sources */ = {isa = PBXBuildFile; fileRef = B000000000000000000021 /* WordbookView.swift */; };
		B000000000000000000012 /* ProfileView.swift in Sources */ = {isa = PBXBuildFile; fileRef = B000000000000000000022 /* ProfileView.swift */; };
/* End PBXBuildFile section */

/* Begin PBXFileReference section */
		A1234567890123456789015 /* YouTubeSubtitleLearner.app */ = {isa = PBXFileReference; explicitFileType = wrapper.application; includeInIndex = 0; path = YouTubeSubtitleLearner.app; sourceTree = BUILT_PRODUCTS_DIR; };
		A1234567890123456789002 /* YouTubeSubtitleLearnerApp.swift */ = {isa = PBXFileReference; lastKnownFileType = sourcecode.swift; path = YouTubeSubtitleLearnerApp.swift; sourceTree = "<group>"; };
		A1234567890123456789004 /* ContentView.swift */ = {isa = PBXFileReference; lastKnownFileType = sourcecode.swift; path = ContentView.swift; sourceTree = "<group>"; };
		A1234567890123456789006 /* VideoPlayerView.swift */ = {isa = PBXFileReference; lastKnownFileType = sourcecode.swift; path = VideoPlayerView.swift; sourceTree = "<group>"; };
		A1234567890123456789008 /* VideoPlayerViewModel.swift */ = {isa = PBXFileReference; lastKnownFileType = sourcecode.swift; path = VideoPlayerViewModel.swift; sourceTree = "<group>"; };
		A1234567890123456789010 /* Subtitle.swift */ = {isa = PBXFileReference; lastKnownFileType = sourcecode.swift; path = Subtitle.swift; sourceTree = "<group>"; };
		A1234567890123456789012 /* subtitles.json */ = {isa = PBXFileReference; lastKnownFileType = text.json; path = subtitles.json; sourceTree = "<group>"; };
		A1234567890123456789014 /* Assets.xcassets */ = {isa = PBXFileReference; lastKnownFileType = folder.assetcatalog; path = Assets.xcassets; sourceTree = "<group>"; };
		B000000000000000000011 /* ProjectsView.swift */ = {isa = PBXFileReference; lastKnownFileType = sourcecode.swift; path = ProjectsView.swift; sourceTree = "<group>"; };
		B000000000000000000012 /* WordToken.swift */ = {isa = PBXFileReference; lastKnownFileType = sourcecode.swift; path = WordToken.swift; sourceTree = "<group>"; };
		B000000000000000000013 /* AnalysisProject.swift */ = {isa = PBXFileReference; lastKnownFileType = sourcecode.swift; path = AnalysisProject.swift; sourceTree = "<group>"; };
		B000000000000000000014 /* LocalStore.swift */ = {isa = PBXFileReference; lastKnownFileType = sourcecode.swift; path = LocalStore.swift; sourceTree = "<group>"; };
		B000000000000000000015 /* SubtitlesParser.swift */ = {isa = PBXFileReference; lastKnownFileType = sourcecode.swift; path = SubtitlesParser.swift; sourceTree = "<group>"; };
		B000000000000000000016 /* VideoCache.swift */ = {isa = PBXFileReference; lastKnownFileType = sourcecode.swift; path = VideoCache.swift; sourceTree = "<group>"; };
		B000000000000000000017 /* MediaExtractor.swift */ = {isa = PBXFileReference; lastKnownFileType = sourcecode.swift; path = MediaExtractor.swift; sourceTree = "<group>"; };
		B000000000000000000018 /* TranscriptionService.swift */ = {isa = PBXFileReference; lastKnownFileType = sourcecode.swift; path = TranscriptionService.swift; sourceTree = "<group>"; };
		B000000000000000000019 /* ProjectStore.swift */ = {isa = PBXFileReference; lastKnownFileType = sourcecode.swift; path = ProjectStore.swift; sourceTree = "<group>"; };
		B00000000000000000001A /* AnalysisPipeline.swift */ = {isa = PBXFileReference; lastKnownFileType = sourcecode.swift; path = AnalysisPipeline.swift; sourceTree = "<group>"; };
		B00000000000000000001B /* FileUtil.swift */ = {isa = PBXFileReference; lastKnownFileType = sourcecode.swift; path = FileUtil.swift; sourceTree = "<group>"; };
		B00000000000000000001C /* URLMediaType.swift */ = {isa = PBXFileReference; lastKnownFileType = sourcecode.swift; path = URLMediaType.swift; sourceTree = "<group>"; };
		B00000000000000000001D /* WebCaptureView.swift */ = {isa = PBXFileReference; lastKnownFileType = sourcecode.swift; path = WebCaptureView.swift; sourceTree = "<group>"; };
		B00000000000000000001E /* AudioCaptureService.swift */ = {isa = PBXFileReference; lastKnownFileType = sourcecode.swift; path = AudioCaptureService.swift; sourceTree = "<group>"; };
		B00000000000000000001F /* WordEntry.swift */ = {isa = PBXFileReference; lastKnownFileType = sourcecode.swift; path = WordEntry.swift; sourceTree = "<group>"; };
		B000000000000000000020 /* WordbookStore.swift */ = {isa = PBXFileReference; lastKnownFileType = sourcecode.swift; path = WordbookStore.swift; sourceTree = "<group>"; };
		B000000000000000000021 /* WordbookView.swift */ = {isa = PBXFileReference; lastKnownFileType = sourcecode.swift; path = WordbookView.swift; sourceTree = "<group>"; };
		B000000000000000000022 /* ProfileView.swift */ = {isa = PBXFileReference; lastKnownFileType = sourcecode.swift; path = ProfileView.swift; sourceTree = "<group>"; };
/* End PBXFileReference section */

/* Begin PBXFrameworksBuildPhase section */
		A1234567890123456789016 /* Frameworks */ = {
			isa = PBXFrameworksBuildPhase;
			buildActionMask = 2147483647;
			files = (
			);
			runOnlyForDeploymentPostprocessing = 0;
		};
/* End PBXFrameworksBuildPhase section */

/* Begin PBXGroup section */
		A1234567890123456789017 = {
			isa = PBXGroup;
			children = (
				A1234567890123456789018 /* YouTubeSubtitleLearner */,
				A1234567890123456789019 /* Products */,
			);
			sourceTree = "<group>";
		};
		A1234567890123456789019 /* Products */ = {
			isa = PBXGroup;
			children = (
				A1234567890123456789015 /* YouTubeSubtitleLearner.app */,
			);
			name = Products;
			sourceTree = "<group>";
		};
		A1234567890123456789018 /* YouTubeSubtitleLearner */ = {
			isa = PBXGroup;
			children = (
				A1234567890123456789020 /* App */,
				A1234567890123456789021 /* Models */,
				A1234567890123456789022 /* ViewModels */,
				A1234567890123456789023 /* Views */,
				C0000000000000000000020 /* Services */,
				C0000000000000000000021 /* Utils */,
				A1234567890123456789012 /* subtitles.json */,
				A1234567890123456789014 /* Assets.xcassets */,
			);
			path = YouTubeSubtitleLearner;
			sourceTree = "<group>";
		};
		A1234567890123456789020 /* App */ = {
			isa = PBXGroup;
			children = (
				A1234567890123456789002 /* YouTubeSubtitleLearnerApp.swift */,
			);
			path = App;
			sourceTree = "<group>";
		};
		A1234567890123456789021 /* Models */ = {
			isa = PBXGroup;
			children = (
				A1234567890123456789010 /* Subtitle.swift */,
				B000000000000000000012 /* WordToken.swift */,
				B000000000000000000013 /* AnalysisProject.swift */,
				B00000000000000000001F /* WordEntry.swift */,
			);
			path = Models;
			sourceTree = "<group>";
		};
		A1234567890123456789022 /* ViewModels */ = {
			isa = PBXGroup;
			children = (
				A1234567890123456789008 /* VideoPlayerViewModel.swift */,
			);
			path = ViewModels;
			sourceTree = "<group>";
		};
		A1234567890123456789023 /* Views */ = {
			isa = PBXGroup;
			children = (
				A1234567890123456789004 /* ContentView.swift */,
				A1234567890123456789006 /* VideoPlayerView.swift */,
				B000000000000000000011 /* ProjectsView.swift */,
				B00000000000000000001D /* WebCaptureView.swift */,
				B000000000000000000021 /* WordbookView.swift */,
				B000000000000000000022 /* ProfileView.swift */,
			);
			path = Views;
			sourceTree = "<group>";
		};
		C0000000000000000000020 /* Services */ = {
			isa = PBXGroup;
			children = (
				B000000000000000000014 /* LocalStore.swift */,
				B000000000000000000016 /* VideoCache.swift */,
				B000000000000000000017 /* MediaExtractor.swift */,
				B000000000000000000018 /* TranscriptionService.swift */,
				B000000000000000000019 /* ProjectStore.swift */,
				B00000000000000000001A /* AnalysisPipeline.swift */,
				B00000000000000000001E /* AudioCaptureService.swift */,
				B000000000000000000020 /* WordbookStore.swift */,
			);
			path = Services;
			sourceTree = "<group>";
		};
		C0000000000000000000021 /* Utils */ = {
			isa = PBXGroup;
			children = (
				B000000000000000000015 /* SubtitlesParser.swift */,
				B00000000000000000001B /* FileUtil.swift */,
				B00000000000000000001C /* URLMediaType.swift */,
			);
			path = Utils;
			sourceTree = "<group>";
		};
/* End PBXGroup section */

/* Begin PBXNativeTarget section */
		A1234567890123456789024 /* YouTubeSubtitleLearner */ = {
			isa = PBXNativeTarget;
			buildConfigurationList = A1234567890123456789025 /* Build configuration list for PBXNativeTarget "YouTubeSubtitleLearner" */;
			buildPhases = (
				A1234567890123456789026 /* Sources */,
				A1234567890123456789016 /* Frameworks */,
				A1234567890123456789027 /* Resources */,
			);
			buildRules = (
			);
			dependencies = (
			);
			name = YouTubeSubtitleLearner;
			productName = YouTubeSubtitleLearner;
			productReference = A1234567890123456789015 /* YouTubeSubtitleLearner.app */;
			productType = "com.apple.product-type.application";
		};
/* End PBXNativeTarget section */

/* Begin PBXProject section */
		A1234567890123456789028 /* Project object */ = {
			isa = PBXProject;
			attributes = {
				BuildIndependentTargetsInParallel = 1;
				LastSwiftUpdateCheck = 1500;
				LastUpgradeCheck = 1500;
				TargetAttributes = {
					A1234567890123456789024 = {
						CreatedOnToolsVersion = 15.0;
					};
				};
			};
			buildConfigurationList = A1234567890123456789029 /* Build configuration list for PBXProject "YouTubeSubtitleLearner" */;
			compatibilityVersion = "Xcode 14.0";
			developmentRegion = en;
			hasScannedForEncodings = 0;
			knownRegions = (
				en,
				Base,
			);
			mainGroup = A1234567890123456789017;
			productRefGroup = A1234567890123456789019 /* Products */;
			projectDirPath = "";
			projectRoot = "";
			targets = (
				A1234567890123456789024 /* YouTubeSubtitleLearner */,
			);
		};
/* End PBXProject section */

/* Begin PBXResourcesBuildPhase section */
		A1234567890123456789027 /* Resources */ = {
			isa = PBXResourcesBuildPhase;
			buildActionMask = 2147483647;
			files = (
				A1234567890123456789013 /* Assets.xcassets in Resources */,
				A1234567890123456789011 /* subtitles.json in Resources */,
			);
			runOnlyForDeploymentPostprocessing = 0;
		};
/* End PBXResourcesBuildPhase section */

/* Begin PBXSourcesBuildPhase section */
		A1234567890123456789026 /* Sources */ = {
			isa = PBXSourcesBuildPhase;
			buildActionMask = 2147483647;
			files = (
				A1234567890123456789003 /* ContentView.swift in Sources */,
				A1234567890123456789005 /* VideoPlayerView.swift in Sources */,
				A1234567890123456789007 /* VideoPlayerViewModel.swift in Sources */,
				A1234567890123456789009 /* Subtitle.swift in Sources */,
				A1234567890123456789001 /* YouTubeSubtitleLearnerApp.swift in Sources */,
				B000000000000000000001 /* ProjectsView.swift in Sources */,
				B000000000000000000002 /* WordToken.swift in Sources */,
				B000000000000000000003 /* AnalysisProject.swift in Sources */,
				B000000000000000000004 /* LocalStore.swift in Sources */,
				B000000000000000000005 /* SubtitlesParser.swift in Sources */,
				B000000000000000000006 /* VideoCache.swift in Sources */,
				B000000000000000000007 /* MediaExtractor.swift in Sources */,
				B000000000000000000008 /* TranscriptionService.swift in Sources */,
				B000000000000000000009 /* ProjectStore.swift in Sources */,
				B00000000000000000000A /* AnalysisPipeline.swift in Sources */,
				B00000000000000000000B /* FileUtil.swift in Sources */,
				B00000000000000000000C /* URLMediaType.swift in Sources */,
				B00000000000000000000D /* WebCaptureView.swift in Sources */,
				B00000000000000000000E /* AudioCaptureService.swift in Sources */,
				B00000000000000000000F /* WordEntry.swift in Sources */,
				B000000000000000000010 /* WordbookStore.swift in Sources */,
			);
			runOnlyForDeploymentPostprocessing = 0;
		};
/* End PBXSourcesBuildPhase section */

/* Begin XCBuildConfiguration section */
		A1234567890123456789030 /* Debug */ = {
			isa = XCBuildConfiguration;
			buildSettings = {
				ALWAYS_SEARCH_USER_PATHS = NO;
				ASSETCATALOG_COMPILER_GENERATE_SWIFT_ASSET_SYMBOL_EXTENSIONS = YES;
				CLANG_ANALYZER_NONNULL = YES;
				CLANG_ANALYZER_NUMBER_OBJECT_CONVERSION = YES_AGGRESSIVE;
				CLANG_CXX_LANGUAGE_STANDARD = "gnu++20";
				CLANG_ENABLE_MODULES = YES;
				CLANG_ENABLE_OBJC_ARC = YES;
				CLANG_ENABLE_OBJC_WEAK = YES;
				CLANG_WARN_BLOCK_CAPTURE_AUTORELEASING = YES;
				CLANG_WARN_BOOL_CONVERSION = YES;
				CLANG_WARN_COMMA = YES;
				CLANG_WARN_CONSTANT_CONVERSION = YES;
				CLANG_WARN_DEPRECATED_OBJC_IMPLEMENTATIONS = YES;
				CLANG_WARN_DIRECT_OBJC_ISA_USAGE = YES_ERROR;
				CLANG_WARN_DOCUMENTATION_COMMENTS = YES;
				CLANG_WARN_EMPTY_BODY = YES;
				CLANG_WARN_ENUM_CONVERSION = YES;
				CLANG_WARN_INFINITE_RECURSION = YES;
				CLANG_WARN_INT_CONVERSION = YES;
				CLANG_WARN_NON_LITERAL_NULL_CONVERSION = YES;
				CLANG_WARN_OBJC_IMPLICIT_RETAIN_SELF = YES;
				CLANG_WARN_OBJC_LITERAL_CONVERSION = YES;
				CLANG_WARN_OBJC_ROOT_CLASS = YES_ERROR;
				CLANG_WARN_QUOTED_INCLUDE_IN_FRAMEWORK_HEADER = YES;
				CLANG_WARN_RANGE_LOOP_ANALYSIS = YES;
				CLANG_WARN_STRICT_PROTOTYPES = YES;
				CLANG_WARN_SUSPICIOUS_MOVE = YES;
				CLANG_WARN_UNGUARDED_AVAILABILITY = YES_AGGRESSIVE;
				CLANG_WARN_UNREACHABLE_CODE = YES;
				CLANG_WARN__DUPLICATE_METHOD_MATCH = YES;
				COPY_PHASE_STRIP = NO;
				DEBUG_INFORMATION_FORMAT = dwarf;
				ENABLE_STRICT_OBJC_MSGSEND = YES;
				ENABLE_TESTABILITY = YES;
				ENABLE_USER_SCRIPT_SANDBOXING = YES;
				GCC_C_LANGUAGE_STANDARD = gnu17;
				GCC_DYNAMIC_NO_PIC = NO;
				GCC_NO_COMMON_BLOCKS = YES;
				GCC_OPTIMIZATION_LEVEL = 0;
				GCC_PREPROCESSOR_DEFINITIONS = (
					"DEBUG=1",
					"$(inherited)",
				);
				GCC_WARN_64_TO_32_BIT_CONVERSION = YES;
				GCC_WARN_ABOUT_RETURN_TYPE = YES_ERROR;
				GCC_WARN_UNDECLARED_SELECTOR = YES;
				GCC_WARN_UNINITIALIZED_AUTOS = YES_AGGRESSIVE;
				GCC_WARN_UNUSED_FUNCTION = YES;
				GCC_WARN_UNUSED_VARIABLE = YES;
        IPHONEOS_DEPLOYMENT_TARGET = 16.4;
				LOCALIZATION_PREFERS_STRING_CATALOGS = YES;
				MTL_ENABLE_DEBUG_INFO = INCLUDE_SOURCE;
				MTL_FAST_MATH = YES;
				ONLY_ACTIVE_ARCH = YES;
				SDKROOT = iphoneos;
				SWIFT_ACTIVE_COMPILATION_CONDITIONS = "DEBUG $(inherited)";
				SWIFT_OPTIMIZATION_LEVEL = "-Onone";
			};
			name = Debug;
		};
		A1234567890123456789031 /* Release */ = {
			isa = XCBuildConfiguration;
			buildSettings = {
				ALWAYS_SEARCH_USER_PATHS = NO;
				ASSETCATALOG_COMPILER_GENERATE_SWIFT_ASSET_SYMBOL_EXTENSIONS = YES;
				CLANG_ANALYZER_NONNULL = YES;
				CLANG_ANALYZER_NUMBER_OBJECT_CONVERSION = YES_AGGRESSIVE;
				CLANG_CXX_LANGUAGE_STANDARD = "gnu++20";
				CLANG_ENABLE_MODULES = YES;
				CLANG_ENABLE_OBJC_ARC = YES;
				CLANG_ENABLE_OBJC_WEAK = YES;
				CLANG_WARN_BLOCK_CAPTURE_AUTORELEASING = YES;
				CLANG_WARN_BOOL_CONVERSION = YES;
				CLANG_WARN_COMMA = YES;
				CLANG_WARN_CONSTANT_CONVERSION = YES;
				CLANG_WARN_DEPRECATED_OBJC_IMPLEMENTATIONS = YES;
				CLANG_WARN_DIRECT_OBJC_ISA_USAGE = YES_ERROR;
				CLANG_WARN_DOCUMENTATION_COMMENTS = YES;
				CLANG_WARN_EMPTY_BODY = YES;
				CLANG_WARN_ENUM_CONVERSION = YES;
				CLANG_WARN_INFINITE_RECURSION = YES;
				CLANG_WARN_INT_CONVERSION = YES;
				CLANG_WARN_NON_LITERAL_NULL_CONVERSION = YES;
				CLANG_WARN_OBJC_IMPLICIT_RETAIN_SELF = YES;
				CLANG_WARN_OBJC_LITERAL_CONVERSION = YES;
				CLANG_WARN_OBJC_ROOT_CLASS = YES_ERROR;
				CLANG_WARN_QUOTED_INCLUDE_IN_FRAMEWORK_HEADER = YES;
				CLANG_WARN_RANGE_LOOP_ANALYSIS = YES;
				CLANG_WARN_STRICT_PROTOTYPES = YES;
				CLANG_WARN_SUSPICIOUS_MOVE = YES;
				CLANG_WARN_UNGUARDED_AVAILABILITY = YES_AGGRESSIVE;
				CLANG_WARN_UNREACHABLE_CODE = YES;
				CLANG_WARN__DUPLICATE_METHOD_MATCH = YES;
				COPY_PHASE_STRIP = NO;
				DEBUG_INFORMATION_FORMAT = "dwarf-with-dsym";
				ENABLE_NS_ASSERTIONS = NO;
				ENABLE_STRICT_OBJC_MSGSEND = YES;
				ENABLE_USER_SCRIPT_SANDBOXING = YES;
				GCC_C_LANGUAGE_STANDARD = gnu17;
				GCC_NO_COMMON_BLOCKS = YES;
				GCC_WARN_64_TO_32_BIT_CONVERSION = YES;
				GCC_WARN_ABOUT_RETURN_TYPE = YES_ERROR;
				GCC_WARN_UNDECLARED_SELECTOR = YES;
				GCC_WARN_UNINITIALIZED_AUTOS = YES_AGGRESSIVE;
				GCC_WARN_UNUSED_FUNCTION = YES;
				GCC_WARN_UNUSED_VARIABLE = YES;
        IPHONEOS_DEPLOYMENT_TARGET = 16.4;
				LOCALIZATION_PREFERS_STRING_CATALOGS = YES;
				MTL_ENABLE_DEBUG_INFO = NO;
				MTL_FAST_MATH = YES;
				SDKROOT = iphoneos;
				SWIFT_COMPILATION_MODE = wholemodule;
				VALIDATE_PRODUCT = YES;
			};
			name = Release;
		};
		A1234567890123456789032 /* Debug */ = {
			isa = XCBuildConfiguration;
			buildSettings = {
				ASSETCATALOG_COMPILER_APPICON_NAME = AppIcon;
				ASSETCATALOG_COMPILER_GLOBAL_ACCENT_COLOR_NAME = AccentColor;
				CODE_SIGN_STYLE = Automatic;
				CURRENT_PROJECT_VERSION = 1;
				DEVELOPMENT_ASSET_PATHS = "";
				ENABLE_PREVIEWS = YES;
				GENERATE_INFOPLIST_FILE = YES;
				INFOPLIST_KEY_UIApplicationSceneManifest_Generation = YES;
				INFOPLIST_KEY_UIApplicationSupportsIndirectInputEvents = YES;
				INFOPLIST_KEY_UILaunchScreen_Generation = YES;
				INFOPLIST_KEY_UISupportedInterfaceOrientations_iPad = "UIInterfaceOrientationPortrait UIInterfaceOrientationPortraitUpsideDown UIInterfaceOrientationLandscapeLeft UIInterfaceOrientationLandscapeRight";
				INFOPLIST_KEY_UISupportedInterfaceOrientations_iPhone = "UIInterfaceOrientationPortrait UIInterfaceOrientationLandscapeLeft UIInterfaceOrientationLandscapeRight";
				LD_RUNPATH_SEARCH_PATHS = (
					"$(inherited)",
					"@executable_path/Frameworks",
				);
				MARKETING_VERSION = 1.0;
				PRODUCT_BUNDLE_IDENTIFIER = com.example.YouTubeSubtitleLearner;
				PRODUCT_NAME = "$(TARGET_NAME)";
				SWIFT_EMIT_LOC_STRINGS = YES;
				SWIFT_VERSION = 5.0;
				TARGETED_DEVICE_FAMILY = "1,2";
			};
			name = Debug;
		};
		A1234567890123456789033 /* Release */ = {
			isa = XCBuildConfiguration;
			buildSettings = {
				ASSETCATALOG_COMPILER_APPICON_NAME = AppIcon;
				ASSETCATALOG_COMPILER_GLOBAL_ACCENT_COLOR_NAME = AccentColor;
				CODE_SIGN_STYLE = Automatic;
				CURRENT_PROJECT_VERSION = 1;
				DEVELOPMENT_ASSET_PATHS = "";
				ENABLE_PREVIEWS = YES;
				GENERATE_INFOPLIST_FILE = YES;
				INFOPLIST_KEY_UIApplicationSceneManifest_Generation = YES;
				INFOPLIST_KEY_UIApplicationSupportsIndirectInputEvents = YES;
				INFOPLIST_KEY_UILaunchScreen_Generation = YES;
				INFOPLIST_KEY_UISupportedInterfaceOrientations_iPad = "UIInterfaceOrientationPortrait UIInterfaceOrientationPortraitUpsideDown UIInterfaceOrientationLandscapeLeft UIInterfaceOrientationLandscapeRight";
				INFOPLIST_KEY_UISupportedInterfaceOrientations_iPhone = "UIInterfaceOrientationPortrait UIInterfaceOrientationLandscapeLeft UIInterfaceOrientationLandscapeRight";
				LD_RUNPATH_SEARCH_PATHS = (
					"$(inherited)",
					"@executable_path/Frameworks",
				);
				MARKETING_VERSION = 1.0;
				PRODUCT_BUNDLE_IDENTIFIER = com.example.YouTubeSubtitleLearner;
				PRODUCT_NAME = "$(TARGET_NAME)";
				SWIFT_EMIT_LOC_STRINGS = YES;
				SWIFT_VERSION = 5.0;
				TARGETED_DEVICE_FAMILY = "1,2";
			};
			name = Release;
		};
/* End XCBuildConfiguration section */

/* Begin XCConfigurationList section */
		A1234567890123456789029 /* Build configuration list for PBXProject "YouTubeSubtitleLearner" */ = {
			isa = XCConfigurationList;
			buildConfigurations = (
				A1234567890123456789030 /* Debug */,
				A1234567890123456789031 /* Release */,
			);
			defaultConfigurationIsVisible = 0;
			defaultConfigurationName = Release;
		};
		A1234567890123456789025 /* Build configuration list for PBXNativeTarget "YouTubeSubtitleLearner" */ = {
			isa = XCConfigurationList;
			buildConfigurations = (
				A1234567890123456789032 /* Debug */,
				A1234567890123456789033 /* Release */,
			);
			defaultConfigurationIsVisible = 0;
			defaultConfigurationName = Release;
		};
/* End XCConfigurationList section */
	};
	rootObject = A1234567890123456789028 /* Project object */;
}
